{
  "nodes": {
    "aoc-cli": {
      "inputs": {
        "nixpkgs": [
          "nixpkgs"
        ],
        "rust-overlay": "rust-overlay"
      },
      "locked": {
        "lastModified": 1779282335,
        "narHash": "sha256-5nOd03597a+YzUq5sA1M+AqDhylAzngdMAp1hKZAreY=",
        "owner": "ahacop",
        "repo": "aoc-cli",
        "rev": "0e7ee79ee5bb6b39597f4efb8cc07ae6d8087a38",
        "type": "github"
      },
      "original": {
        "owner": "ahacop",
        "repo": "aoc-cli",
        "type": "github"
      }
    },
    "nixpkgs": {
      "locked": {
        "lastModified": 1788179007,
        "narHash": "sha256-hn1oU2rue2SYK8dAr8+WNZWtbsz1S2W5mnHlSEuh3bo=",
        "owner": "nixos",
        "repo": "nixpkgs",
        "rev": "34ab99075ac4f7e40cf037eef32cb1c360bb85e9",
        "type": "github"
      },
      "original": {
        "owner": "nixos",
        "ref": "nixos-unstable",
        "repo": "nixpkgs",
        "type": "github"
      }
    },
    "root": {
      "inputs": {
        "aoc-cli": "aoc-cli",
        "nixpkgs": "nixpkgs"
      }
    },
    "rust-overlay": {
      "inputs": {
        "nixpkgs": [
          "aoc-cli",
          "nixpkgs"
        ]
      },
      "locked": {
        "lastModified": 1779247103,
        "narHash": "sha256-DwltBoBl9a7fCzlKi3xnNha1NHbfvawwkNdnTXEyfFQ=",
        "owner": "oxalica",
        "repo": "rust-overlay",
        "rev": "86dbfb70dc1c2967245d87ed6d07d2c8bda305e3",
        "type": "github"
      },
      "original": {
        "owner": "oxalica",
        "repo": "rust-overlay",
        "type": "github"
      }
    }
  },
  "root": "root",
  "version": 7
}
